
Microsoft Visual Studio Solution File, Format Version 12.00
# Visual Studio Version 17
VisualStudioVersion = 17.14.37301.10 d17.14
MinimumVisualStudioVersion = 10.0.40219.1
Project("{FAE04EC0-301F-11D3-BF4B-00C04F79EFBC}") = "Izpit06", "Izpit06\Izpit06.csproj", "{F75F324F-E2CA-42BE-806F-A9B56AE2ED68}"
EndProject
Global
	GlobalSection(SolutionConfigurationPlatforms) = preSolution
		Debug|Any CPU = Debug|Any CPU
		Release|Any CPU = Release|Any CPU
	EndGlobalSection
	GlobalSection(ProjectConfigurationPlatforms) = postSolution
		{F75F324F-E2CA-42BE-806F-A9B56AE2ED68}.Debug|Any CPU.ActiveCfg = Debug|Any CPU
		{F75F324F-E2CA-42BE-806F-A9B56AE2ED68}.Debug|Any CPU.Build.0 = Debug|Any CPU
		{F75F324F-E2CA-42BE-806F-A9B56AE2ED68}.Release|Any CPU.ActiveCfg = Release|Any CPU
		{F75F324F-E2CA-42BE-806F-A9B56AE2ED68}.Release|Any CPU.Build.0 = Release|Any CPU
	EndGlobalSection
	GlobalSection(SolutionProperties) = preSolution
		HideSolutionNode = FALSE
	EndGlobalSection
	GlobalSection(ExtensibilityGlobals) = postSolution
		SolutionGuid = {10125397-D950-46B2-A0D6-D1EF28062561}
	EndGlobalSection
EndGlobal
